Microsoft Visual Studio Solution File, Format Version 12.00
# Visual Studio 15
VisualStudioVersion = 15.0.26430.14
MinimumVisualStudioVersion = 10.0.40219.1
Project("{FAE04EC0-301F-11D3-BF4B-00C04F79EFBC}") = "SystemSecurityModel", "BarModel\SystemSecurityModel.csproj", "{4017C3B2-4A3E-434C-BE10-DDDB9B7E1D1F}"
EndProject
Project("{FAE04EC0-301F-11D3-BF4B-00C04F79EFBC}") = "SystemSecurityService", "BarService\SystemSecurityService.csproj", "{57084DB3-EE23-4CB2-97AF-A0FA54F58B6A}"
EndProject
Project("{FAE04EC0-301F-11D3-BF4B-00C04F79EFBC}") = "SystemSecurityWebView", "BarWebView\SystemSecurityWebView.csproj", "{2CBC00EC-2402-4C7F-B8E9-B7DB053EFF22}"
EndProject
Global
	GlobalSection(SolutionConfigurationPlatforms) = preSolution
		Debug|Any CPU = Debug|Any CPU
		Release|Any CPU = Release|Any CPU
	EndGlobalSection
	GlobalSection(ProjectConfigurationPlatforms) = postSolution
		{4017C3B2-4A3E-434C-BE10-DDDB9B7E1D1F}.Debug|Any CPU.ActiveCfg = Debug|Any CPU
		{4017C3B2-4A3E-434C-BE10-DDDB9B7E1D1F}.Debug|Any CPU.Build.0 = Debug|Any CPU
		{4017C3B2-4A3E-434C-BE10-DDDB9B7E1D1F}.Release|Any CPU.ActiveCfg = Release|Any CPU
		{4017C3B2-4A3E-434C-BE10-DDDB9B7E1D1F}.Release|Any CPU.Build.0 = Release|Any CPU
		{57084DB3-EE23-4CB2-97AF-A0FA54F58B6A}.Debug|Any CPU.ActiveCfg = Debug|Any CPU
		{57084DB3-EE23-4CB2-97AF-A0FA54F58B6A}.Debug|Any CPU.Build.0 = Debug|Any CPU
		{57084DB3-EE23-4CB2-97AF-A0FA54F58B6A}.Release|Any CPU.ActiveCfg = Release|Any CPU
		{57084DB3-EE23-4CB2-97AF-A0FA54F58B6A}.Release|Any CPU.Build.0 = Release|Any CPU
		{2CBC00EC-2402-4C7F-B8E9-B7DB053EFF22}.Debug|Any CPU.ActiveCfg = Debug|Any CPU
		{2CBC00EC-2402-4C7F-B8E9-B7DB053EFF22}.Debug|Any CPU.Build.0 = Debug|Any CPU
		{2CBC00EC-2402-4C7F-B8E9-B7DB053EFF22}.Release|Any CPU.ActiveCfg = Release|Any CPU
		{2CBC00EC-2402-4C7F-B8E9-B7DB053EFF22}.Release|Any CPU.Build.0 = Release|Any CPU
	EndGlobalSection
	GlobalSection(SolutionProperties) = preSolution
		HideSolutionNode = FALSE
	EndGlobalSection
	GlobalSection(ExtensibilityGlobals) = postSolution
		SolutionGuid = {71FB7247-D1B5-4368-9F2C-BF7D0A4C256A}
	EndGlobalSection
EndGlobal
